# THIS IS AN AUTOGENERATED FILE. DO NOT EDIT THIS FILE DIRECTLY.
# yarn lockfile v1


uview-ui@^2.0.37:
  version "2.0.37"
  resolved "https://registry.npmmirror.com/uview-ui/-/uview-ui-2.0.37.tgz#b47263ebe41e7edbecd9574eba806a7f45d2bf22"
  integrity sha512-iBcWNmQa01Wr+z004G6XIVPDctOrJIAx7LObQceUAPxZh6kJYjIOAMp5JE1K4VpoMV5bKYDpCd0gmX+M4nTEQQ==
